
Microsoft Visual Studio Solution File, Format Version 12.00
# Visual Studio Version 17
VisualStudioVersion = 17.5.33414.496
MinimumVisualStudioVersion = 10.0.40219.1
Project("{FAE04EC0-301F-11D3-BF4B-00C04F79EFBC}") = "ObliqueStrategies", "ObliqueStrategies\ObliqueStrategies.csproj", "{CFA817B5-14FC-4006-8211-95D6DD928D86}"
EndProject
Global
	GlobalSection(SolutionConfigurationPlatforms) = preSolution
		Debug|Any CPU = Debug|Any CPU
		Release|Any CPU = Release|Any CPU
	EndGlobalSection
	GlobalSection(ProjectConfigurationPlatforms) = postSolution
		{CFA817B5-14FC-4006-8211-95D6DD928D86}.Debug|Any CPU.ActiveCfg = Debug|Any CPU
		{CFA817B5-14FC-4006-8211-95D6DD928D86}.Debug|Any CPU.Build.0 = Debug|Any CPU
		{CFA817B5-14FC-4006-8211-95D6DD928D86}.Release|Any CPU.ActiveCfg = Release|Any CPU
		{CFA817B5-14FC-4006-8211-95D6DD928D86}.Release|Any CPU.Build.0 = Release|Any CPU
	EndGlobalSection
	GlobalSection(SolutionProperties) = preSolution
		HideSolutionNode = FALSE
	EndGlobalSection
	GlobalSection(ExtensibilityGlobals) = postSolution
		SolutionGuid = {FD67C275-5407-44E1-A6A4-91E95E6B3EB1}
	EndGlobalSection
EndGlobal
